{
    "name": "@sposh/dependency-injection",
    "version": "1.0.0",
    "lockfileVersion": 2,
    "requires": true,
    "packages": {
        "": {
            "name": "@sposh/dependency-injection",
            "version": "1.0.0",
            "license": "GPL-3.0-only",
            "devDependencies": {},
            "engines": {
                "node": ">=16"
            }
        }
    }
}
